
Microsoft Visual Studio Solution File, Format Version 12.00
# Visual Studio 15
VisualStudioVersion = 15.0.26730.12
MinimumVisualStudioVersion = 10.0.40219.1
Project("{9A19103F-16F7-4668-BE54-9A1E7A4F7556}") = "ProjetGestionAssistance", "ProjetGestionAssistance\ProjetGestionAssistance.csproj", "{D034BB6B-B6ED-449C-999F-0C1ADF61EBE0}"
EndProject
Global
	GlobalSection(SolutionConfigurationPlatforms) = preSolution
		Debug|Any CPU = Debug|Any CPU
		Release|Any CPU = Release|Any CPU
	EndGlobalSection
	GlobalSection(ProjectConfigurationPlatforms) = postSolution
		{D034BB6B-B6ED-449C-999F-0C1ADF61EBE0}.Debug|Any CPU.ActiveCfg = Debug|Any CPU
		{D034BB6B-B6ED-449C-999F-0C1ADF61EBE0}.Debug|Any CPU.Build.0 = Debug|Any CPU
		{D034BB6B-B6ED-449C-999F-0C1ADF61EBE0}.Release|Any CPU.ActiveCfg = Release|Any CPU
		{D034BB6B-B6ED-449C-999F-0C1ADF61EBE0}.Release|Any CPU.Build.0 = Release|Any CPU
	EndGlobalSection
	GlobalSection(SolutionProperties) = preSolution
		HideSolutionNode = FALSE
	EndGlobalSection
	GlobalSection(ExtensibilityGlobals) = postSolution
		SolutionGuid = {1737079A-FAC3-47C3-BC52-C3F24559ABBA}
	EndGlobalSection
EndGlobal
